
Microsoft Visual Studio Solution File, Format Version 12.00
# Visual Studio Version 16
VisualStudioVersion = 16.0.29519.181
MinimumVisualStudioVersion = 10.0.40219.1
Project("{FAE04EC0-301F-11D3-BF4B-00C04F79EFBC}") = "server", "server\server.csproj", "{C9361FF6-0290-44DC-8B15-331EE9AFAC6F}"
EndProject
Project("{FAE04EC0-301F-11D3-BF4B-00C04F79EFBC}") = "client", "client\client.csproj", "{9329DB5C-85C6-41D6-A4E7-9B76E62348C8}"
EndProject
Project("{FAE04EC0-301F-11D3-BF4B-00C04F79EFBC}") = "test", "test\test.csproj", "{B127306B-651F-4999-80A5-E077B0C284DC}"
EndProject
Global
	GlobalSection(SolutionConfigurationPlatforms) = preSolution
		Debug|Any CPU = Debug|Any CPU
		Release|Any CPU = Release|Any CPU
	EndGlobalSection
	GlobalSection(ProjectConfigurationPlatforms) = postSolution
		{C9361FF6-0290-44DC-8B15-331EE9AFAC6F}.Debug|Any CPU.ActiveCfg = Debug|Any CPU
		{C9361FF6-0290-44DC-8B15-331EE9AFAC6F}.Debug|Any CPU.Build.0 = Debug|Any CPU
		{C9361FF6-0290-44DC-8B15-331EE9AFAC6F}.Release|Any CPU.ActiveCfg = Release|Any CPU
		{C9361FF6-0290-44DC-8B15-331EE9AFAC6F}.Release|Any CPU.Build.0 = Release|Any CPU
		{9329DB5C-85C6-41D6-A4E7-9B76E62348C8}.Debug|Any CPU.ActiveCfg = Debug|Any CPU
		{9329DB5C-85C6-41D6-A4E7-9B76E62348C8}.Debug|Any CPU.Build.0 = Debug|Any CPU
		{9329DB5C-85C6-41D6-A4E7-9B76E62348C8}.Release|Any CPU.ActiveCfg = Release|Any CPU
		{9329DB5C-85C6-41D6-A4E7-9B76E62348C8}.Release|Any CPU.Build.0 = Release|Any CPU
		{B127306B-651F-4999-80A5-E077B0C284DC}.Debug|Any CPU.ActiveCfg = Debug|Any CPU
		{B127306B-651F-4999-80A5-E077B0C284DC}.Debug|Any CPU.Build.0 = Debug|Any CPU
		{B127306B-651F-4999-80A5-E077B0C284DC}.Release|Any CPU.ActiveCfg = Release|Any CPU
		{B127306B-651F-4999-80A5-E077B0C284DC}.Release|Any CPU.Build.0 = Release|Any CPU
	EndGlobalSection
	GlobalSection(SolutionProperties) = preSolution
		HideSolutionNode = FALSE
	EndGlobalSection
	GlobalSection(ExtensibilityGlobals) = postSolution
		SolutionGuid = {0AAD6F58-06CA-4FD7-A6F1-3F0193036788}
	EndGlobalSection
EndGlobal
